{
  "nodes": {
    "flake-utils": {
      "inputs": {
        "systems": "systems"
      },
      "locked": {
        "lastModified": 1710146030,
        "narHash": "sha256-SZ5L6eA7HJ/nmkzGG7/ISclqe6oZdOZTNoesiInkXPQ=",
        "owner": "numtide",
        "repo": "flake-utils",
        "rev": "b1d9ab70662946ef0850d488da1c9019f3a9752a",
        "type": "github"
      },
      "original": {
        "owner": "numtide",
        "repo": "flake-utils",
        "type": "github"
      }
    },
    "nixos-hardware": {
      "locked": {
        "lastModified": 1710187446,
        "narHash": "sha256-miQujwiW1VdZnfGIfjWWzDSUkZzxjQPnx6vsVMZ8+FM=",
        "owner": "skeuchel",
        "repo": "nixos-hardware",
        "rev": "d8d21354bb1ff4bca7e5b5deecf3cf5a62e881e1",
        "type": "github"
      },
      "original": {
        "owner": "skeuchel",
        "ref": "milkv-pioneer",
        "repo": "nixos-hardware",
        "type": "github"
      }
    },
    "nixpkgs": {
      "locked": {
        "lastModified": 1710240611,
        "narHash": "sha256-/0WLZkT77qAv/A4QiBdc1lEFxN5lRoWe2dZ1uTO0lMQ=",
        "owner": "nixos",
        "repo": "nixpkgs",
        "rev": "d317942391a1cd1c8c0621afd9a89edf64e7551b",
        "type": "github"
      },
      "original": {
        "owner": "nixos",
        "ref": "master",
        "repo": "nixpkgs",
        "type": "github"
      }
    },
    "root": {
      "inputs": {
        "flake-utils": "flake-utils",
        "nixos-hardware": "nixos-hardware",
        "nixpkgs": "nixpkgs"
      }
    },
    "systems": {
      "locked": {
        "lastModified": 1681028828,
        "narHash": "sha256-Vy1rq5AaRuLzOxct8nz4T6wlgyUR7zLU309k9mBC768=",
        "owner": "nix-systems",
        "repo": "default",
        "rev": "da67096a3b9bf56a91d16901293e51ba5b49a27e",
        "type": "github"
      },
      "original": {
        "owner": "nix-systems",
        "repo": "default",
        "type": "github"
      }
    }
  },
  "root": "root",
  "version": 7
}
