{
  "nodes": {
    "nixpkgs": {
      "locked": {
        "lastModified": 1710360485,
        "narHash": "sha256-TCXcof3bxWuPTAn6+Yzu3pkGXDw8jnxnkIzcs6Kgie8=",
        "owner": "nixos",
        "repo": "nixpkgs",
        "rev": "cccdbc198b9abb2148d41f8005372eb3387b1c7c",
        "type": "github"
      },
      "original": {
        "owner": "nixos",
        "ref": "master",
        "repo": "nixpkgs",
        "type": "github"
      }
    },
    "root": {
      "inputs": {
        "nixpkgs": "nixpkgs"
      }
    }
  },
  "root": "root",
  "version": 7
}
